
Microsoft Visual Studio Solution File, Format Version 12.00
# Visual Studio 15
VisualStudioVersion = 15.0.28010.2003
MinimumVisualStudioVersion = 10.0.40219.1
Project("{FAE04EC0-301F-11D3-BF4B-00C04F79EFBC}") = "VM501-Console", "VM501-Console\VM501-Console.csproj", "{E0F79B61-FCA4-4673-93E6-26F3869885B6}"
EndProject
Global
	GlobalSection(SolutionConfigurationPlatforms) = preSolution
		Debug|Any CPU = Debug|Any CPU
		Release|Any CPU = Release|Any CPU
	EndGlobalSection
	GlobalSection(ProjectConfigurationPlatforms) = postSolution
		{E0F79B61-FCA4-4673-93E6-26F3869885B6}.Debug|Any CPU.ActiveCfg = Debug|Any CPU
		{E0F79B61-FCA4-4673-93E6-26F3869885B6}.Debug|Any CPU.Build.0 = Debug|Any CPU
		{E0F79B61-FCA4-4673-93E6-26F3869885B6}.Release|Any CPU.ActiveCfg = Release|Any CPU
		{E0F79B61-FCA4-4673-93E6-26F3869885B6}.Release|Any CPU.Build.0 = Release|Any CPU
	EndGlobalSection
	GlobalSection(SolutionProperties) = preSolution
		HideSolutionNode = FALSE
	EndGlobalSection
	GlobalSection(ExtensibilityGlobals) = postSolution
		SolutionGuid = {47EE23FE-AF56-4F26-8EE3-D060F987288F}
	EndGlobalSection
EndGlobal
